
Microsoft Visual Studio Solution File, Format Version 12.00
# Visual Studio Version 17
VisualStudioVersion = 17.10.35122.118
MinimumVisualStudioVersion = 10.0.40219.1
Project("{9A19103F-16F7-4668-BE54-9A1E7A4F7556}") = "GetStarted.NetAspire.MvcApp", "GetStarted.NetAspire.MvcApp\GetStarted.NetAspire.MvcApp.csproj", "{81657C76-0B02-4428-8FDC-75D6DA9FCFA6}"
EndProject
Project("{FAE04EC0-301F-11D3-BF4B-00C04F79EFBC}") = "GetStarted.NetAspire.MvcApp.AppHost", "GetStarted.NetAspire.MvcApp.AppHost\GetStarted.NetAspire.MvcApp.AppHost.csproj", "{80F0F88F-A029-494C-8341-0A676B47A0B8}"
EndProject
Project("{9A19103F-16F7-4668-BE54-9A1E7A4F7556}") = "GetStarted.NetAspire.MvcApp.ServiceDefaults", "GetStarted.NetAspire.MvcApp.ServiceDefaults\GetStarted.NetAspire.MvcApp.ServiceDefaults.csproj", "{F4DFACF0-08CC-46F2-9C0B-29D617CA96D8}"
EndProject
Global
	GlobalSection(SolutionConfigurationPlatforms) = preSolution
		Debug|Any CPU = Debug|Any CPU
		Release|Any CPU = Release|Any CPU
	EndGlobalSection
	GlobalSection(ProjectConfigurationPlatforms) = postSolution
		{81657C76-0B02-4428-8FDC-75D6DA9FCFA6}.Debug|Any CPU.ActiveCfg = Debug|Any CPU
		{81657C76-0B02-4428-8FDC-75D6DA9FCFA6}.Debug|Any CPU.Build.0 = Debug|Any CPU
		{81657C76-0B02-4428-8FDC-75D6DA9FCFA6}.Release|Any CPU.ActiveCfg = Release|Any CPU
		{81657C76-0B02-4428-8FDC-75D6DA9FCFA6}.Release|Any CPU.Build.0 = Release|Any CPU
		{80F0F88F-A029-494C-8341-0A676B47A0B8}.Debug|Any CPU.ActiveCfg = Debug|Any CPU
		{80F0F88F-A029-494C-8341-0A676B47A0B8}.Debug|Any CPU.Build.0 = Debug|Any CPU
		{80F0F88F-A029-494C-8341-0A676B47A0B8}.Release|Any CPU.ActiveCfg = Release|Any CPU
		{80F0F88F-A029-494C-8341-0A676B47A0B8}.Release|Any CPU.Build.0 = Release|Any CPU
		{F4DFACF0-08CC-46F2-9C0B-29D617CA96D8}.Debug|Any CPU.ActiveCfg = Debug|Any CPU
		{F4DFACF0-08CC-46F2-9C0B-29D617CA96D8}.Debug|Any CPU.Build.0 = Debug|Any CPU
		{F4DFACF0-08CC-46F2-9C0B-29D617CA96D8}.Release|Any CPU.ActiveCfg = Release|Any CPU
		{F4DFACF0-08CC-46F2-9C0B-29D617CA96D8}.Release|Any CPU.Build.0 = Release|Any CPU
	EndGlobalSection
	GlobalSection(SolutionProperties) = preSolution
		HideSolutionNode = FALSE
	EndGlobalSection
	GlobalSection(ExtensibilityGlobals) = postSolution
		SolutionGuid = {C0D8DB74-6324-4625-8CC6-7F210CB778D2}
	EndGlobalSection
EndGlobal
